<Solution>
  <Project Path="WilkenAutomation.Api/WilkenAutomation.Api.csproj" />
  <Project Path="WilkenAutomation.Application/WilkenAutomation.Application.csproj" />
  <Project Path="WilkenAutomation.Infrastructure/WilkenAutomation.Infrastructure.csproj" />
  <Project Path="WilkenAutomation.Tests/WilkenAutomation.Tests.csproj" />
    <Project Path="WilkenAutomation.Worker/WilkenAutomation.Worker.csproj" />
    <Project Path="WilkenAutomation.TestDesktop/WilkenAutomation.TestDesktop.csproj" />
    <Project Path="../WilkenCs2ReplicaMock/src/WilkenCs2ReplicaMock/WilkenCs2ReplicaMock.csproj" />
</Solution>
